
Microsoft Visual Studio Solution File, Format Version 12.00
# Visual Studio Version 17
VisualStudioVersion = 17.11.35222.181
MinimumVisualStudioVersion = 10.0.40219.1
Project("{FAE04EC0-301F-11D3-BF4B-00C04F79EFBC}") = "ShoppingList", "ShoppingList.csproj", "{A894A2B2-7C84-462D-AC1B-F56B0A3E8A28}"
EndProject
Global
	GlobalSection(SolutionConfigurationPlatforms) = preSolution
		Debug|Any CPU = Debug|Any CPU
		Release|Any CPU = Release|Any CPU
	EndGlobalSection
	GlobalSection(ProjectConfigurationPlatforms) = postSolution
		{A894A2B2-7C84-462D-AC1B-F56B0A3E8A28}.Debug|Any CPU.ActiveCfg = Debug|Any CPU
		{A894A2B2-7C84-462D-AC1B-F56B0A3E8A28}.Debug|Any CPU.Build.0 = Debug|Any CPU
		{A894A2B2-7C84-462D-AC1B-F56B0A3E8A28}.Debug|Any CPU.Deploy.0 = Debug|Any CPU
		{A894A2B2-7C84-462D-AC1B-F56B0A3E8A28}.Release|Any CPU.ActiveCfg = Release|Any CPU
		{A894A2B2-7C84-462D-AC1B-F56B0A3E8A28}.Release|Any CPU.Build.0 = Release|Any CPU
		{A894A2B2-7C84-462D-AC1B-F56B0A3E8A28}.Release|Any CPU.Deploy.0 = Release|Any CPU
	EndGlobalSection
	GlobalSection(SolutionProperties) = preSolution
		HideSolutionNode = FALSE
	EndGlobalSection
	GlobalSection(ExtensibilityGlobals) = postSolution
		SolutionGuid = {C95C4FC4-52F9-4D20-8D27-8C987BBA1D32}
	EndGlobalSection
EndGlobal
